{
  "dependencies": {
    "forEachAsync": {
      "version": "2.2.1",
      "resolved": "https://registry.npmjs.org/forEachAsync/-/forEachAsync-2.2.1.tgz",
      "from": "forEachAsync@>=2.2.0 <2.3.0"
    },
    "fs-extra": {
      "version": "0.6.4",
      "resolved": "https://registry.npmjs.org/fs-extra/-/fs-extra-0.6.4.tgz",
      "from": "fs-extra@>=0.6.1 <0.7.0"
    },
    "fs.extra": {
      "version": "1.2.1",
      "resolved": "https://registry.npmjs.org/fs.extra/-/fs.extra-1.2.1.tgz",
      "from": "fs.extra@1.2.1"
    },
    "jsonfile": {
      "version": "1.0.1",
      "resolved": "https://registry.npmjs.org/jsonfile/-/jsonfile-1.0.1.tgz",
      "from": "jsonfile@>=1.0.1 <1.1.0"
    },
    "lodash": {
      "version": "4.17.4",
      "resolved": "https://registry.npmjs.org/lodash/-/lodash-4.17.4.tgz",
      "from": "lodash@4.17.4"
    },
    "mkdirp": {
      "version": "0.3.5",
      "resolved": "https://registry.npmjs.org/mkdirp/-/mkdirp-0.3.5.tgz",
      "from": "mkdirp@>=0.3.5 <0.4.0"
    },
    "ncp": {
      "version": "0.4.2",
      "resolved": "https://registry.npmjs.org/ncp/-/ncp-0.4.2.tgz",
      "from": "ncp@>=0.4.2 <0.5.0"
    },
    "rimraf": {
      "version": "2.2.8",
      "resolved": "https://registry.npmjs.org/rimraf/-/rimraf-2.2.8.tgz",
      "from": "rimraf@>=2.2.0 <2.3.0"
    },
    "sequence": {
      "version": "2.2.1",
      "resolved": "https://registry.npmjs.org/sequence/-/sequence-2.2.1.tgz",
      "from": "sequence@>=2.0.0 <3.0.0"
    },
    "walk": {
      "version": "2.2.1",
      "resolved": "https://registry.npmjs.org/walk/-/walk-2.2.1.tgz",
      "from": "walk@>=2.2.1 <2.3.0"
    }
  }
}
